// !$*UTF8*$!
{
	archiveVersion = 1;
	classes = {
	};
	objectVersion = 51;
	objects = {

/* Begin PBXBuildFile section */
		C5548361FA70D6702B5B0F10 /* Pods_MLBTeamStats.framework in Frameworks */ = {isa = PBXBuildFile; fileRef = CE4A91B757E6793F436386BD /* Pods_MLBTeamStats.framework */; };
		EF26EC2B2456ABED005A4745 /* PlayerStatsViewController.swift in Sources */ = {isa = PBXBuildFile; fileRef = EF26EC2A2456ABED005A4745 /* PlayerStatsViewController.swift */; };
		EF27CBCF24562B4F0094A53F /* StatisticsViewController.swift in Sources */ = {isa = PBXBuildFile; fileRef = EF27CBCE24562B4F0094A53F /* StatisticsViewController.swift */; };
		EF39153B2456BF91008A810A /* ScoutingReportViewController.swift in Sources */ = {isa = PBXBuildFile; fileRef = EF39153A2456BF91008A810A /* ScoutingReportViewController.swift */; };
		EF39153D2456D17C008A810A /* ScoutingReportDetailViewController.swift in Sources */ = {isa = PBXBuildFile; fileRef = EF39153C2456D17C008A810A /* ScoutingReportDetailViewController.swift */; };
		EF4EFC732455E50300A9830E /* RosterViewController.swift in Sources */ = {isa = PBXBuildFile; fileRef = EF4EFC722455E50300A9830E /* RosterViewController.swift */; };
		EF4EFC752455F36000A9830E /* Rosters.swift in Sources */ = {isa = PBXBuildFile; fileRef = EF4EFC742455F36000A9830E /* Rosters.swift */; };
		EF4EFC772455F3BA00A9830E /* RosterData.swift in Sources */ = {isa = PBXBuildFile; fileRef = EF4EFC762455F3BA00A9830E /* RosterData.swift */; };
		EFC36732245565A400CE204F /* AppDelegate.swift in Sources */ = {isa = PBXBuildFile; fileRef = EFC36731245565A400CE204F /* AppDelegate.swift */; };
		EFC36734245565A400CE204F /* SceneDelegate.swift in Sources */ = {isa = PBXBuildFile; fileRef = EFC36733245565A400CE204F /* SceneDelegate.swift */; };
		EFC36736245565A400CE204F /* TeamsViewController.swift in Sources */ = {isa = PBXBuildFile; fileRef = EFC36735245565A400CE204F /* TeamsViewController.swift */; };
		EFC36739245565A400CE204F /* Main.storyboard in Resources */ = {isa = PBXBuildFile; fileRef = EFC36737245565A400CE204F /* Main.storyboard */; };
		EFC3673B245565A600CE204F /* Assets.xcassets in Resources */ = {isa = PBXBuildFile; fileRef = EFC3673A245565A600CE204F /* Assets.xcassets */; };
		EFC3673E245565A600CE204F /* LaunchScreen.storyboard in Resources */ = {isa = PBXBuildFile; fileRef = EFC3673C245565A600CE204F /* LaunchScreen.storyboard */; };
		EFC367462455685F00CE204F /* TeamData.swift in Sources */ = {isa = PBXBuildFile; fileRef = EFC367452455685F00CE204F /* TeamData.swift */; };
		EFC36748245568BE00CE204F /* URLConstants.swift in Sources */ = {isa = PBXBuildFile; fileRef = EFC36747245568BE00CE204F /* URLConstants.swift */; };
		EFC3674A24556B9800CE204F /* Teams.swift in Sources */ = {isa = PBXBuildFile; fileRef = EFC3674924556B9800CE204F /* Teams.swift */; };
		EFC3674C2455743000CE204F /* TeamDetailViewController.swift in Sources */ = {isa = PBXBuildFile; fileRef = EFC3674B2455743000CE204F /* TeamDetailViewController.swift */; };
/* End PBXBuildFile section */

/* Begin PBXFileReference section */
		031CA72D310F1FF8095F8B24 /* Pods-MLBTeamStats.release.xcconfig */ = {isa = PBXFileReference; includeInIndex = 1; lastKnownFileType = text.xcconfig; name = "Pods-MLBTeamStats.release.xcconfig"; path = "Target Support Files/Pods-MLBTeamStats/Pods-MLBTeamStats.release.xcconfig"; sourceTree = "<group>"; };
		7BA4F2D646529E9CE2E0738A /* Pods-MLBTeamStats.debug.xcconfig */ = {isa = PBXFileReference; includeInIndex = 1; lastKnownFileType = text.xcconfig; name = "Pods-MLBTeamStats.debug.xcconfig"; path = "Target Support Files/Pods-MLBTeamStats/Pods-MLBTeamStats.debug.xcconfig"; sourceTree = "<group>"; };
		CE4A91B757E6793F436386BD /* Pods_MLBTeamStats.framework */ = {isa = PBXFileReference; explicitFileType = wrapper.framework; includeInIndex = 0; path = Pods_MLBTeamStats.framework; sourceTree = BUILT_PRODUCTS_DIR; };
		EF26EC2A2456ABED005A4745 /* PlayerStatsViewController.swift */ = {isa = PBXFileReference; lastKnownFileType = sourcecode.swift; path = PlayerStatsViewController.swift; sourceTree = "<group>"; };
		EF27CBCE24562B4F0094A53F /* StatisticsViewController.swift */ = {isa = PBXFileReference; lastKnownFileType = sourcecode.swift; path = StatisticsViewController.swift; sourceTree = "<group>"; };
		EF39153A2456BF91008A810A /* ScoutingReportViewController.swift */ = {isa = PBXFileReference; lastKnownFileType = sourcecode.swift; path = ScoutingReportViewController.swift; sourceTree = "<group>"; };
		EF39153C2456D17C008A810A /* ScoutingReportDetailViewController.swift */ = {isa = PBXFileReference; lastKnownFileType = sourcecode.swift; path = ScoutingReportDetailViewController.swift; sourceTree = "<group>"; };
		EF4EFC722455E50300A9830E /* RosterViewController.swift */ = {isa = PBXFileReference; lastKnownFileType = sourcecode.swift; path = RosterViewController.swift; sourceTree = "<group>"; };
		EF4EFC742455F36000A9830E /* Rosters.swift */ = {isa = PBXFileReference; lastKnownFileType = sourcecode.swift; path = Rosters.swift; sourceTree = "<group>"; };
		EF4EFC762455F3BA00A9830E /* RosterData.swift */ = {isa = PBXFileReference; lastKnownFileType = sourcecode.swift; path = RosterData.swift; sourceTree = "<group>"; };
		EFC3672E245565A400CE204F /* MLBTeamStats.app */ = {isa = PBXFileReference; explicitFileType = wrapper.application; includeInIndex = 0; path = MLBTeamStats.app; sourceTree = BUILT_PRODUCTS_DIR; };
		EFC36731245565A400CE204F /* AppDelegate.swift */ = {isa = PBXFileReference; lastKnownFileType = sourcecode.swift; path = AppDelegate.swift; sourceTree = "<group>"; };
		EFC36733245565A400CE204F /* SceneDelegate.swift */ = {isa = PBXFileReference; lastKnownFileType = sourcecode.swift; path = SceneDelegate.swift; sourceTree = "<group>"; };
		EFC36735245565A400CE204F /* TeamsViewController.swift */ = {isa = PBXFileReference; lastKnownFileType = sourcecode.swift; path = TeamsViewController.swift; sourceTree = "<group>"; };
		EFC36738245565A400CE204F /* Base */ = {isa = PBXFileReference; lastKnownFileType = file.storyboard; name = Base; path = Base.lproj/Main.storyboard; sourceTree = "<group>"; };
		EFC3673A245565A600CE204F /* Assets.xcassets */ = {isa = PBXFileReference; lastKnownFileType = folder.assetcatalog; path = Assets.xcassets; sourceTree = "<group>"; };
		EFC3673D245565A600CE204F /* Base */ = {isa = PBXFileReference; lastKnownFileType = file.storyboard; name = Base; path = Base.lproj/LaunchScreen.storyboard; sourceTree = "<group>"; };
		EFC3673F245565A600CE204F /* Info.plist */ = {isa = PBXFileReference; lastKnownFileType = text.plist.xml; path = Info.plist; sourceTree = "<group>"; };
		EFC367452455685F00CE204F /* TeamData.swift */ = {isa = PBXFileReference; lastKnownFileType = sourcecode.swift; path = TeamData.swift; sourceTree = "<group>"; };
		EFC36747245568BE00CE204F /* URLConstants.swift */ = {isa = PBXFileReference; lastKnownFileType = sourcecode.swift; path = URLConstants.swift; sourceTree = "<group>"; };
		EFC3674924556B9800CE204F /* Teams.swift */ = {isa = PBXFileReference; lastKnownFileType = sourcecode.swift; path = Teams.swift; sourceTree = "<group>"; };
		EFC3674B2455743000CE204F /* TeamDetailViewController.swift */ = {isa = PBXFileReference; lastKnownFileType = sourcecode.swift; path = TeamDetailViewController.swift; sourceTree = "<group>"; };
/* End PBXFileReference section */

/* Begin PBXFrameworksBuildPhase section */
		EFC3672B245565A400CE204F /* Frameworks */ = {
			isa = PBXFrameworksBuildPhase;
			buildActionMask = 2147483647;
			files = (
				C5548361FA70D6702B5B0F10 /* Pods_MLBTeamStats.framework in Frameworks */,
			);
			runOnlyForDeploymentPostprocessing = 0;
		};
/* End PBXFrameworksBuildPhase section */

/* Begin PBXGroup section */
		540817E760A7392F7FFBF281 /* Frameworks */ = {
			isa = PBXGroup;
			children = (
				CE4A91B757E6793F436386BD /* Pods_MLBTeamStats.framework */,
			);
			name = Frameworks;
			sourceTree = "<group>";
		};
		6828296C3E5430341A6EFF74 /* Pods */ = {
			isa = PBXGroup;
			children = (
				7BA4F2D646529E9CE2E0738A /* Pods-MLBTeamStats.debug.xcconfig */,
				031CA72D310F1FF8095F8B24 /* Pods-MLBTeamStats.release.xcconfig */,
			);
			path = Pods;
			sourceTree = "<group>";
		};
		EFC36725245565A400CE204F = {
			isa = PBXGroup;
			children = (
				EFC36730245565A400CE204F /* MLBTeamStats */,
				EFC3672F245565A400CE204F /* Products */,
				6828296C3E5430341A6EFF74 /* Pods */,
				540817E760A7392F7FFBF281 /* Frameworks */,
			);
			sourceTree = "<group>";
		};
		EFC3672F245565A400CE204F /* Products */ = {
			isa = PBXGroup;
			children = (
				EFC3672E245565A400CE204F /* MLBTeamStats.app */,
			);
			name = Products;
			sourceTree = "<group>";
		};
		EFC36730245565A400CE204F /* MLBTeamStats */ = {
			isa = PBXGroup;
			children = (
				EFC36731245565A400CE204F /* AppDelegate.swift */,
				EFC36733245565A400CE204F /* SceneDelegate.swift */,
				EFC36747245568BE00CE204F /* URLConstants.swift */,
				EFC3674924556B9800CE204F /* Teams.swift */,
				EF4EFC742455F36000A9830E /* Rosters.swift */,
				EFC367452455685F00CE204F /* TeamData.swift */,
				EF4EFC762455F3BA00A9830E /* RosterData.swift */,
				EFC36735245565A400CE204F /* TeamsViewController.swift */,
				EFC3674B2455743000CE204F /* TeamDetailViewController.swift */,
				EF4EFC722455E50300A9830E /* RosterViewController.swift */,
				EF27CBCE24562B4F0094A53F /* StatisticsViewController.swift */,
				EF26EC2A2456ABED005A4745 /* PlayerStatsViewController.swift */,
				EF39153A2456BF91008A810A /* ScoutingReportViewController.swift */,
				EF39153C2456D17C008A810A /* ScoutingReportDetailViewController.swift */,
				EFC36737245565A400CE204F /* Main.storyboard */,
				EFC3673A245565A600CE204F /* Assets.xcassets */,
				EFC3673C245565A600CE204F /* LaunchScreen.storyboard */,
				EFC3673F245565A600CE204F /* Info.plist */,
			);
			path = MLBTeamStats;
			sourceTree = "<group>";
		};
/* End PBXGroup section */

/* Begin PBXNativeTarget section */
		EFC3672D245565A400CE204F /* MLBTeamStats */ = {
			isa = PBXNativeTarget;
			buildConfigurationList = EFC36742245565A600CE204F /* Build configuration list for PBXNativeTarget "MLBTeamStats" */;
			buildPhases = (
				2FA60E9FA45C8874625467A3 /* [CP] Check Pods Manifest.lock */,
				EFC3672A245565A400CE204F /* Sources */,
				EFC3672B245565A400CE204F /* Frameworks */,
				EFC3672C245565A400CE204F /* Resources */,
				360A5F8DD86D2CB39E2EE0F7 /* [CP] Embed Pods Frameworks */,
			);
			buildRules = (
			);
			dependencies = (
			);
			name = MLBTeamStats;
			productName = MLBTeamStats;
			productReference = EFC3672E245565A400CE204F /* MLBTeamStats.app */;
			productType = "com.apple.product-type.application";
		};
/* End PBXNativeTarget section */

/* Begin PBXProject section */
		EFC36726245565A400CE204F /* Project object */ = {
			isa = PBXProject;
			attributes = {
				LastSwiftUpdateCheck = 1140;
				LastUpgradeCheck = 1140;
				ORGANIZATIONNAME = "Thomas Wade";
				TargetAttributes = {
					EFC3672D245565A400CE204F = {
						CreatedOnToolsVersion = 11.4.1;
					};
				};
			};
			buildConfigurationList = EFC36729245565A400CE204F /* Build configuration list for PBXProject "MLBTeamStats" */;
			compatibilityVersion = "Xcode 9.3";
			developmentRegion = en;
			hasScannedForEncodings = 0;
			knownRegions = (
				en,
				Base,
			);
			mainGroup = EFC36725245565A400CE204F;
			productRefGroup = EFC3672F245565A400CE204F /* Products */;
			projectDirPath = "";
			projectRoot = "";
			targets = (
				EFC3672D245565A400CE204F /* MLBTeamStats */,
			);
		};
/* End PBXProject section */

/* Begin PBXResourcesBuildPhase section */
		EFC3672C245565A400CE204F /* Resources */ = {
			isa = PBXResourcesBuildPhase;
			buildActionMask = 2147483647;
			files = (
				EFC3673E245565A600CE204F /* LaunchScreen.storyboard in Resources */,
				EFC3673B245565A600CE204F /* Assets.xcassets in Resources */,
				EFC36739245565A400CE204F /* Main.storyboard in Resources */,
			);
			runOnlyForDeploymentPostprocessing = 0;
		};
/* End PBXResourcesBuildPhase section */

/* Begin PBXShellScriptBuildPhase section */
		2FA60E9FA45C8874625467A3 /* [CP] Check Pods Manifest.lock */ = {
			isa = PBXShellScriptBuildPhase;
			buildActionMask = 2147483647;
			files = (
			);
			inputFileListPaths = (
			);
			inputPaths = (
				"${PODS_PODFILE_DIR_PATH}/Podfile.lock",
				"${PODS_ROOT}/Manifest.lock",
			);
			name = "[CP] Check Pods Manifest.lock";
			outputFileListPaths = (
			);
			outputPaths = (
				"$(DERIVED_FILE_DIR)/Pods-MLBTeamStats-checkManifestLockResult.txt",
			);
			runOnlyForDeploymentPostprocessing = 0;
			shellPath = /bin/sh;
			shellScript = "diff \"${PODS_PODFILE_DIR_PATH}/Podfile.lock\" \"${PODS_ROOT}/Manifest.lock\" > /dev/null\nif [ $? != 0 ] ; then\n    # print error to STDERR\n    echo \"error: The sandbox is not in sync with the Podfile.lock. Run 'pod install' or update your CocoaPods installation.\" >&2\n    exit 1\nfi\n# This output is used by Xcode 'outputs' to avoid re-running this script phase.\necho \"SUCCESS\" > \"${SCRIPT_OUTPUT_FILE_0}\"\n";
			showEnvVarsInLog = 0;
		};
		360A5F8DD86D2CB39E2EE0F7 /* [CP] Embed Pods Frameworks */ = {
			isa = PBXShellScriptBuildPhase;
			buildActionMask = 2147483647;
			files = (
			);
			inputFileListPaths = (
				"${PODS_ROOT}/Target Support Files/Pods-MLBTeamStats/Pods-MLBTeamStats-frameworks-${CONFIGURATION}-input-files.xcfilelist",
			);
			name = "[CP] Embed Pods Frameworks";
			outputFileListPaths = (
				"${PODS_ROOT}/Target Support Files/Pods-MLBTeamStats/Pods-MLBTeamStats-frameworks-${CONFIGURATION}-output-files.xcfilelist",
			);
			runOnlyForDeploymentPostprocessing = 0;
			shellPath = /bin/sh;
			shellScript = "\"${PODS_ROOT}/Target Support Files/Pods-MLBTeamStats/Pods-MLBTeamStats-frameworks.sh\"\n";
			showEnvVarsInLog = 0;
		};
/* End PBXShellScriptBuildPhase section */

/* Begin PBXSourcesBuildPhase section */
		EFC3672A245565A400CE204F /* Sources */ = {
			isa = PBXSourcesBuildPhase;
			buildActionMask = 2147483647;
			files = (
				EF4EFC772455F3BA00A9830E /* RosterData.swift in Sources */,
				EF26EC2B2456ABED005A4745 /* PlayerStatsViewController.swift in Sources */,
				EFC3674A24556B9800CE204F /* Teams.swift in Sources */,
				EFC36736245565A400CE204F /* TeamsViewController.swift in Sources */,
				EFC36748245568BE00CE204F /* URLConstants.swift in Sources */,
				EFC36732245565A400CE204F /* AppDelegate.swift in Sources */,
				EF27CBCF24562B4F0094A53F /* StatisticsViewController.swift in Sources */,
				EF39153D2456D17C008A810A /* ScoutingReportDetailViewController.swift in Sources */,
				EF4EFC732455E50300A9830E /* RosterViewController.swift in Sources */,
				EFC3674C2455743000CE204F /* TeamDetailViewController.swift in Sources */,
				EF39153B2456BF91008A810A /* ScoutingReportViewController.swift in Sources */,
				EFC367462455685F00CE204F /* TeamData.swift in Sources */,
				EF4EFC752455F36000A9830E /* Rosters.swift in Sources */,
				EFC36734245565A400CE204F /* SceneDelegate.swift in Sources */,
			);
			runOnlyForDeploymentPostprocessing = 0;
		};
/* End PBXSourcesBuildPhase section */

/* Begin PBXVariantGroup section */
		EFC36737245565A400CE204F /* Main.storyboard */ = {
			isa = PBXVariantGroup;
			children = (
				EFC36738245565A400CE204F /* Base */,
			);
			name = Main.storyboard;
			sourceTree = "<group>";
		};
		EFC3673C245565A600CE204F /* LaunchScreen.storyboard */ = {
			isa = PBXVariantGroup;
			children = (
				EFC3673D245565A600CE204F /* Base */,
			);
			name = LaunchScreen.storyboard;
			sourceTree = "<group>";
		};
/* End PBXVariantGroup section */

/* Begin XCBuildConfiguration section */
		EFC36740245565A600CE204F /* Debug */ = {
			isa = XCBuildConfiguration;
			buildSettings = {
				ALWAYS_SEARCH_USER_PATHS = NO;
				CLANG_ANALYZER_NONNULL = YES;
				CLANG_ANALYZER_NUMBER_OBJECT_CONVERSION = YES_AGGRESSIVE;
				CLANG_CXX_LANGUAGE_STANDARD = "gnu++14";
				CLANG_CXX_LIBRARY = "libc++";
				CLANG_ENABLE_MODULES = YES;
				CLANG_ENABLE_OBJC_ARC = YES;
				CLANG_ENABLE_OBJC_WEAK = YES;
				CLANG_WARN_BLOCK_CAPTURE_AUTORELEASING = YES;
				CLANG_WARN_BOOL_CONVERSION = YES;
				CLANG_WARN_COMMA = YES;
				CLANG_WARN_CONSTANT_CONVERSION = YES;
				CLANG_WARN_DEPRECATED_OBJC_IMPLEMENTATIONS = YES;
				CLANG_WARN_DIRECT_OBJC_ISA_USAGE = YES_ERROR;
				CLANG_WARN_DOCUMENTATION_COMMENTS = YES;
				CLANG_WARN_EMPTY_BODY = YES;
				CLANG_WARN_ENUM_CONVERSION = YES;
				CLANG_WARN_INFINITE_RECURSION = YES;
				CLANG_WARN_INT_CONVERSION = YES;
				CLANG_WARN_NON_LITERAL_NULL_CONVERSION = YES;
				CLANG_WARN_OBJC_IMPLICIT_RETAIN_SELF = YES;
				CLANG_WARN_OBJC_LITERAL_CONVERSION = YES;
				CLANG_WARN_OBJC_ROOT_CLASS = YES_ERROR;
				CLANG_WARN_RANGE_LOOP_ANALYSIS = YES;
				CLANG_WARN_STRICT_PROTOTYPES = YES;
				CLANG_WARN_SUSPICIOUS_MOVE = YES;
				CLANG_WARN_UNGUARDED_AVAILABILITY = YES_AGGRESSIVE;
				CLANG_WARN_UNREACHABLE_CODE = YES;
				CLANG_WARN__DUPLICATE_METHOD_MATCH = YES;
				COPY_PHASE_STRIP = NO;
				DEBUG_INFORMATION_FORMAT = dwarf;
				ENABLE_STRICT_OBJC_MSGSEND = YES;
				ENABLE_TESTABILITY = YES;
				GCC_C_LANGUAGE_STANDARD = gnu11;
				GCC_DYNAMIC_NO_PIC = NO;
				GCC_NO_COMMON_BLOCKS = YES;
				GCC_OPTIMIZATION_LEVEL = 0;
				GCC_PREPROCESSOR_DEFINITIONS = (
					"DEBUG=1",
					"$(inherited)",
				);
				GCC_WARN_64_TO_32_BIT_CONVERSION = YES;
				GCC_WARN_ABOUT_RETURN_TYPE = YES_ERROR;
				GCC_WARN_UNDECLARED_SELECTOR = YES;
				GCC_WARN_UNINITIALIZED_AUTOS = YES_AGGRESSIVE;
				GCC_WARN_UNUSED_FUNCTION = YES;
				GCC_WARN_UNUSED_VARIABLE = YES;
				IPHONEOS_DEPLOYMENT_TARGET = 13.4;
				MTL_ENABLE_DEBUG_INFO = INCLUDE_SOURCE;
				MTL_FAST_MATH = YES;
				ONLY_ACTIVE_ARCH = YES;
				SDKROOT = iphoneos;
				SWIFT_ACTIVE_COMPILATION_CONDITIONS = DEBUG;
				SWIFT_OPTIMIZATION_LEVEL = "-Onone";
			};
			name = Debug;
		};
		EFC36741245565A600CE204F /* Release */ = {
			isa = XCBuildConfiguration;
			buildSettings = {
				ALWAYS_SEARCH_USER_PATHS = NO;
				CLANG_ANALYZER_NONNULL = YES;
				CLANG_ANALYZER_NUMBER_OBJECT_CONVERSION = YES_AGGRESSIVE;
				CLANG_CXX_LANGUAGE_STANDARD = "gnu++14";
				CLANG_CXX_LIBRARY = "libc++";
				CLANG_ENABLE_MODULES = YES;
				CLANG_ENABLE_OBJC_ARC = YES;
				CLANG_ENABLE_OBJC_WEAK = YES;
				CLANG_WARN_BLOCK_CAPTURE_AUTORELEASING = YES;
				CLANG_WARN_BOOL_CONVERSION = YES;
				CLANG_WARN_COMMA = YES;
				CLANG_WARN_CONSTANT_CONVERSION = YES;
				CLANG_WARN_DEPRECATED_OBJC_IMPLEMENTATIONS = YES;
				CLANG_WARN_DIRECT_OBJC_ISA_USAGE = YES_ERROR;
				CLANG_WARN_DOCUMENTATION_COMMENTS = YES;
				CLANG_WARN_EMPTY_BODY = YES;
				CLANG_WARN_ENUM_CONVERSION = YES;
				CLANG_WARN_INFINITE_RECURSION = YES;
				CLANG_WARN_INT_CONVERSION = YES;
				CLANG_WARN_NON_LITERAL_NULL_CONVERSION = YES;
				CLANG_WARN_OBJC_IMPLICIT_RETAIN_SELF = YES;
				CLANG_WARN_OBJC_LITERAL_CONVERSION = YES;
				CLANG_WARN_OBJC_ROOT_CLASS = YES_ERROR;
				CLANG_WARN_RANGE_LOOP_ANALYSIS = YES;
				CLANG_WARN_STRICT_PROTOTYPES = YES;
				CLANG_WARN_SUSPICIOUS_MOVE = YES;
				CLANG_WARN_UNGUARDED_AVAILABILITY = YES_AGGRESSIVE;
				CLANG_WARN_UNREACHABLE_CODE = YES;
				CLANG_WARN__DUPLICATE_METHOD_MATCH = YES;
				COPY_PHASE_STRIP = NO;
				DEBUG_INFORMATION_FORMAT = "dwarf-with-dsym";
				ENABLE_NS_ASSERTIONS = NO;
				ENABLE_STRICT_OBJC_MSGSEND = YES;
				GCC_C_LANGUAGE_STANDARD = gnu11;
				GCC_NO_COMMON_BLOCKS = YES;
				GCC_WARN_64_TO_32_BIT_CONVERSION = YES;
				GCC_WARN_ABOUT_RETURN_TYPE = YES_ERROR;
				GCC_WARN_UNDECLARED_SELECTOR = YES;
				GCC_WARN_UNINITIALIZED_AUTOS = YES_AGGRESSIVE;
				GCC_WARN_UNUSED_FUNCTION = YES;
				GCC_WARN_UNUSED_VARIABLE = YES;
				IPHONEOS_DEPLOYMENT_TARGET = 13.4;
				MTL_ENABLE_DEBUG_INFO = NO;
				MTL_FAST_MATH = YES;
				SDKROOT = iphoneos;
				SWIFT_COMPILATION_MODE = wholemodule;
				SWIFT_OPTIMIZATION_LEVEL = "-O";
				VALIDATE_PRODUCT = YES;
			};
			name = Release;
		};
		EFC36743245565A600CE204F /* Debug */ = {
			isa = XCBuildConfiguration;
			baseConfigurationReference = 7BA4F2D646529E9CE2E0738A /* Pods-MLBTeamStats.debug.xcconfig */;
			buildSettings = {
				ASSETCATALOG_COMPILER_APPICON_NAME = AppIcon;
				CODE_SIGN_STYLE = Automatic;
				DEVELOPMENT_TEAM = XLH82XR636;
				INFOPLIST_FILE = MLBTeamStats/Info.plist;
				LD_RUNPATH_SEARCH_PATHS = (
					"$(inherited)",
					"@executable_path/Frameworks",
				);
				PRODUCT_BUNDLE_IDENTIFIER = com.tgwade12.MLBTeamStats;
				PRODUCT_NAME = "$(TARGET_NAME)";
				SWIFT_VERSION = 5.0;
				TARGETED_DEVICE_FAMILY = "1,2";
			};
			name = Debug;
		};
		EFC36744245565A600CE204F /* Release */ = {
			isa = XCBuildConfiguration;
			baseConfigurationReference = 031CA72D310F1FF8095F8B24 /* Pods-MLBTeamStats.release.xcconfig */;
			buildSettings = {
				ASSETCATALOG_COMPILER_APPICON_NAME = AppIcon;
				CODE_SIGN_STYLE = Automatic;
				DEVELOPMENT_TEAM = XLH82XR636;
				INFOPLIST_FILE = MLBTeamStats/Info.plist;
				LD_RUNPATH_SEARCH_PATHS = (
					"$(inherited)",
					"@executable_path/Frameworks",
				);
				PRODUCT_BUNDLE_IDENTIFIER = com.tgwade12.MLBTeamStats;
				PRODUCT_NAME = "$(TARGET_NAME)";
				SWIFT_VERSION = 5.0;
				TARGETED_DEVICE_FAMILY = "1,2";
			};
			name = Release;
		};
/* End XCBuildConfiguration section */

/* Begin XCConfigurationList section */
		EFC36729245565A400CE204F /* Build configuration list for PBXProject "MLBTeamStats" */ = {
			isa = XCConfigurationList;
			buildConfigurations = (
				EFC36740245565A600CE204F /* Debug */,
				EFC36741245565A600CE204F /* Release */,
			);
			defaultConfigurationIsVisible = 0;
			defaultConfigurationName = Release;
		};
		EFC36742245565A600CE204F /* Build configuration list for PBXNativeTarget "MLBTeamStats" */ = {
			isa = XCConfigurationList;
			buildConfigurations = (
				EFC36743245565A600CE204F /* Debug */,
				EFC36744245565A600CE204F /* Release */,
			);
			defaultConfigurationIsVisible = 0;
			defaultConfigurationName = Release;
		};
/* End XCConfigurationList section */
	};
	rootObject = EFC36726245565A400CE204F /* Project object */;
}
